
Microsoft Visual Studio Solution File, Format Version 12.00
# Visual Studio Version 16
VisualStudioVersion = 16.0.29728.190
MinimumVisualStudioVersion = 10.0.40219.1
Project("{FAE04EC0-301F-11D3-BF4B-00C04F79EFBC}") = "INF_Project_2020", "INF_Project_2020\INF_Project_2020.csproj", "{152E738B-F1F2-4FA3-A08A-F56E278515D4}"
EndProject
Global
	GlobalSection(SolutionConfigurationPlatforms) = preSolution
		Debug|Any CPU = Debug|Any CPU
		Release|Any CPU = Release|Any CPU
	EndGlobalSection
	GlobalSection(ProjectConfigurationPlatforms) = postSolution
		{152E738B-F1F2-4FA3-A08A-F56E278515D4}.Debug|Any CPU.ActiveCfg = Debug|Any CPU
		{152E738B-F1F2-4FA3-A08A-F56E278515D4}.Debug|Any CPU.Build.0 = Debug|Any CPU
		{152E738B-F1F2-4FA3-A08A-F56E278515D4}.Release|Any CPU.ActiveCfg = Release|Any CPU
		{152E738B-F1F2-4FA3-A08A-F56E278515D4}.Release|Any CPU.Build.0 = Release|Any CPU
	EndGlobalSection
	GlobalSection(SolutionProperties) = preSolution
		HideSolutionNode = FALSE
	EndGlobalSection
	GlobalSection(ExtensibilityGlobals) = postSolution
		SolutionGuid = {12C68066-B939-4E25-9B43-CEFB95668CF4}
	EndGlobalSection
EndGlobal
